
Microsoft Visual Studio Solution File, Format Version 12.00
# Visual Studio Version 17
VisualStudioVersion = 17.11.35312.102
MinimumVisualStudioVersion = 10.0.40219.1
Project("{FAE04EC0-301F-11D3-BF4B-00C04F79EFBC}") = "DE", "DE\DE.csproj", "{7ACA37AA-B7E4-4E62-B5FA-0FC24C655197}"
EndProject
Global
	GlobalSection(SolutionConfigurationPlatforms) = preSolution
		Debug|Any CPU = Debug|Any CPU
		Release|Any CPU = Release|Any CPU
	EndGlobalSection
	GlobalSection(ProjectConfigurationPlatforms) = postSolution
		{7ACA37AA-B7E4-4E62-B5FA-0FC24C655197}.Debug|Any CPU.ActiveCfg = Debug|Any CPU
		{7ACA37AA-B7E4-4E62-B5FA-0FC24C655197}.Debug|Any CPU.Build.0 = Debug|Any CPU
		{7ACA37AA-B7E4-4E62-B5FA-0FC24C655197}.Release|Any CPU.ActiveCfg = Release|Any CPU
		{7ACA37AA-B7E4-4E62-B5FA-0FC24C655197}.Release|Any CPU.Build.0 = Release|Any CPU
	EndGlobalSection
	GlobalSection(SolutionProperties) = preSolution
		HideSolutionNode = FALSE
	EndGlobalSection
	GlobalSection(ExtensibilityGlobals) = postSolution
		SolutionGuid = {20A3AFC2-4737-439E-80FE-808D87F87656}
	EndGlobalSection
EndGlobal
